// !$*UTF8*$!
{
	archiveVersion = 1;
	classes = {
	};
	objectVersion = 46;
	objects = {

/* Begin PBXBuildFile section */
		81D0CC1517E922710082025D /* Foundation.framework in Frameworks */ = {isa = PBXBuildFile; fileRef = 81D0CC1417E922710082025D /* Foundation.framework */; };
		81D0CC1717E922710082025D /* CoreGraphics.framework in Frameworks */ = {isa = PBXBuildFile; fileRef = 81D0CC1617E922710082025D /* CoreGraphics.framework */; };
		81D0CC1917E922710082025D /* UIKit.framework in Frameworks */ = {isa = PBXBuildFile; fileRef = 81D0CC1817E922710082025D /* UIKit.framework */; };
		81D0CC1F17E922710082025D /* InfoPlist.strings in Resources */ = {isa = PBXBuildFile; fileRef = 81D0CC1D17E922710082025D /* InfoPlist.strings */; };
		81D0CC2117E922710082025D /* main.m in Sources */ = {isa = PBXBuildFile; fileRef = 81D0CC2017E922710082025D /* main.m */; };
		81D0CC2517E922710082025D /* AppDelegate.m in Sources */ = {isa = PBXBuildFile; fileRef = 81D0CC2417E922710082025D /* AppDelegate.m */; };
		81D0CC2717E922710082025D /* Images.xcassets in Resources */ = {isa = PBXBuildFile; fileRef = 81D0CC2617E922710082025D /* Images.xcassets */; };
		81D0CC2E17E922710082025D /* XCTest.framework in Frameworks */ = {isa = PBXBuildFile; fileRef = 81D0CC2D17E922710082025D /* XCTest.framework */; };
		81D0CC2F17E922710082025D /* Foundation.framework in Frameworks */ = {isa = PBXBuildFile; fileRef = 81D0CC1417E922710082025D /* Foundation.framework */; };
		81D0CC3017E922710082025D /* UIKit.framework in Frameworks */ = {isa = PBXBuildFile; fileRef = 81D0CC1817E922710082025D /* UIKit.framework */; };
		81D0CC3817E922710082025D /* InfoPlist.strings in Resources */ = {isa = PBXBuildFile; fileRef = 81D0CC3617E922710082025D /* InfoPlist.strings */; };
		81D0CC3A17E922710082025D /* tipcalculatorTests.m in Sources */ = {isa = PBXBuildFile; fileRef = 81D0CC3917E922710082025D /* tipcalculatorTests.m */; };
/* End PBXBuildFile section */

/* Begin PBXContainerItemProxy section */
		81D0CC3117E922710082025D /* PBXContainerItemProxy */ = {
			isa = PBXContainerItemProxy;
			containerPortal = 81D0CC0917E922710082025D /* Project object */;
			proxyType = 1;
			remoteGlobalIDString = 81D0CC1017E922710082025D;
			remoteInfo = tipcalculator;
		};
/* End PBXContainerItemProxy section */

/* Begin PBXFileReference section */
		81D0CC1117E922710082025D /* tipcalculator.app */ = {isa = PBXFileReference; explicitFileType = wrapper.application; includeInIndex = 0; path = tipcalculator.app; sourceTree = BUILT_PRODUCTS_DIR; };
		81D0CC1417E922710082025D /* Foundation.framework */ = {isa = PBXFileReference; lastKnownFileType = wrapper.framework; name = Foundation.framework; path = System/Library/Frameworks/Foundation.framework; sourceTree = SDKROOT; };
		81D0CC1617E922710082025D /* CoreGraphics.framework */ = {isa = PBXFileReference; lastKnownFileType = wrapper.framework; name = CoreGraphics.framework; path = System/Library/Frameworks/CoreGraphics.framework; sourceTree = SDKROOT; };
		81D0CC1817E922710082025D /* UIKit.framework */ = {isa = PBXFileReference; lastKnownFileType = wrapper.framework; name = UIKit.framework; path = System/Library/Frameworks/UIKit.framework; sourceTree = SDKROOT; };
		81D0CC1C17E922710082025D /* tipcalculator-Info.plist */ = {isa = PBXFileReference; lastKnownFileType = text.plist.xml; path = "tipcalculator-Info.plist"; sourceTree = "<group>"; };
		81D0CC1E17E922710082025D /* en */ = {isa = PBXFileReference; lastKnownFileType = text.plist.strings; name = en; path = en.lproj/InfoPlist.strings; sourceTree = "<group>"; };
		81D0CC2017E922710082025D /* main.m */ = {isa = PBXFileReference; lastKnownFileType = sourcecode.c.objc; path = main.m; sourceTree = "<group>"; };
		81D0CC2217E922710082025D /* tipcalculator-Prefix.pch */ = {isa = PBXFileReference; lastKnownFileType = sourcecode.c.h; path = "tipcalculator-Prefix.pch"; sourceTree = "<group>"; };
		81D0CC2317E922710082025D /* AppDelegate.h */ = {isa = PBXFileReference; lastKnownFileType = sourcecode.c.h; path = AppDelegate.h; sourceTree = "<group>"; };
		81D0CC2417E922710082025D /* AppDelegate.m */ = {isa = PBXFileReference; lastKnownFileType = sourcecode.c.objc; path = AppDelegate.m; sourceTree = "<group>"; };
		81D0CC2617E922710082025D /* Images.xcassets */ = {isa = PBXFileReference; lastKnownFileType = folder.assetcatalog; path = Images.xcassets; sourceTree = "<group>"; };
		81D0CC2C17E922710082025D /* tipcalculatorTests.xctest */ = {isa = PBXFileReference; explicitFileType = wrapper.cfbundle; includeInIndex = 0; path = tipcalculatorTests.xctest; sourceTree = BUILT_PRODUCTS_DIR; };
		81D0CC2D17E922710082025D /* XCTest.framework */ = {isa = PBXFileReference; lastKnownFileType = wrapper.framework; name = XCTest.framework; path = Library/Frameworks/XCTest.framework; sourceTree = DEVELOPER_DIR; };
		81D0CC3517E922710082025D /* tipcalculatorTests-Info.plist */ = {isa = PBXFileReference; lastKnownFileType = text.plist.xml; path = "tipcalculatorTests-Info.plist"; sourceTree = "<group>"; };
		81D0CC3717E922710082025D /* en */ = {isa = PBXFileReference; lastKnownFileType = text.plist.strings; name = en; path = en.lproj/InfoPlist.strings; sourceTree = "<group>"; };
		81D0CC3917E922710082025D /* tipcalculatorTests.m */ = {isa = PBXFileReference; lastKnownFileType = sourcecode.c.objc; path = tipcalculatorTests.m; sourceTree = "<group>"; };
/* End PBXFileReference section */

/* Begin PBXFrameworksBuildPhase section */
		81D0CC0E17E922710082025D /* Frameworks */ = {
			isa = PBXFrameworksBuildPhase;
			buildActionMask = 2147483647;
			files = (
				81D0CC1717E922710082025D /* CoreGraphics.framework in Frameworks */,
				81D0CC1917E922710082025D /* UIKit.framework in Frameworks */,
				81D0CC1517E922710082025D /* Foundation.framework in Frameworks */,
			);
			runOnlyForDeploymentPostprocessing = 0;
		};
		81D0CC2917E922710082025D /* Frameworks */ = {
			isa = PBXFrameworksBuildPhase;
			buildActionMask = 2147483647;
			files = (
				81D0CC2E17E922710082025D /* XCTest.framework in Frameworks */,
				81D0CC3017E922710082025D /* UIKit.framework in Frameworks */,
				81D0CC2F17E922710082025D /* Foundation.framework in Frameworks */,
			);
			runOnlyForDeploymentPostprocessing = 0;
		};
/* End PBXFrameworksBuildPhase section */

/* Begin PBXGroup section */
		81D0CC0817E922710082025D = {
			isa = PBXGroup;
			children = (
				81D0CC1A17E922710082025D /* tipcalculator */,
				81D0CC3317E922710082025D /* tipcalculatorTests */,
				81D0CC1317E922710082025D /* Frameworks */,
				81D0CC1217E922710082025D /* Products */,
			);
			sourceTree = "<group>";
		};
		81D0CC1217E922710082025D /* Products */ = {
			isa = PBXGroup;
			children = (
				81D0CC1117E922710082025D /* tipcalculator.app */,
				81D0CC2C17E922710082025D /* tipcalculatorTests.xctest */,
			);
			name = Products;
			sourceTree = "<group>";
		};
		81D0CC1317E922710082025D /* Frameworks */ = {
			isa = PBXGroup;
			children = (
				81D0CC1417E922710082025D /* Foundation.framework */,
				81D0CC1617E922710082025D /* CoreGraphics.framework */,
				81D0CC1817E922710082025D /* UIKit.framework */,
				81D0CC2D17E922710082025D /* XCTest.framework */,
			);
			name = Frameworks;
			sourceTree = "<group>";
		};
		81D0CC1A17E922710082025D /* tipcalculator */ = {
			isa = PBXGroup;
			children = (
				81D0CC2317E922710082025D /* AppDelegate.h */,
				81D0CC2417E922710082025D /* AppDelegate.m */,
				81D0CC2617E922710082025D /* Images.xcassets */,
				81D0CC1B17E922710082025D /* Supporting Files */,
			);
			path = tipcalculator;
			sourceTree = "<group>";
		};
		81D0CC1B17E922710082025D /* Supporting Files */ = {
			isa = PBXGroup;
			children = (
				81D0CC1C17E922710082025D /* tipcalculator-Info.plist */,
				81D0CC1D17E922710082025D /* InfoPlist.strings */,
				81D0CC2017E922710082025D /* main.m */,
				81D0CC2217E922710082025D /* tipcalculator-Prefix.pch */,
			);
			name = "Supporting Files";
			sourceTree = "<group>";
		};
		81D0CC3317E922710082025D /* tipcalculatorTests */ = {
			isa = PBXGroup;
			children = (
				81D0CC3917E922710082025D /* tipcalculatorTests.m */,
				81D0CC3417E922710082025D /* Supporting Files */,
			);
			path = tipcalculatorTests;
			sourceTree = "<group>";
		};
		81D0CC3417E922710082025D /* Supporting Files */ = {
			isa = PBXGroup;
			children = (
				81D0CC3517E922710082025D /* tipcalculatorTests-Info.plist */,
				81D0CC3617E922710082025D /* InfoPlist.strings */,
			);
			name = "Supporting Files";
			sourceTree = "<group>";
		};
/* End PBXGroup section */

/* Begin PBXNativeTarget section */
		81D0CC1017E922710082025D /* tipcalculator */ = {
			isa = PBXNativeTarget;
			buildConfigurationList = 81D0CC3D17E922710082025D /* Build configuration list for PBXNativeTarget "tipcalculator" */;
			buildPhases = (
				81D0CC0D17E922710082025D /* Sources */,
				81D0CC0E17E922710082025D /* Frameworks */,
				81D0CC0F17E922710082025D /* Resources */,
			);
			buildRules = (
			);
			dependencies = (
			);
			name = tipcalculator;
			productName = tipcalculator;
			productReference = 81D0CC1117E922710082025D /* tipcalculator.app */;
			productType = "com.apple.product-type.application";
		};
		81D0CC2B17E922710082025D /* tipcalculatorTests */ = {
			isa = PBXNativeTarget;
			buildConfigurationList = 81D0CC4017E922710082025D /* Build configuration list for PBXNativeTarget "tipcalculatorTests" */;
			buildPhases = (
				81D0CC2817E922710082025D /* Sources */,
				81D0CC2917E922710082025D /* Frameworks */,
				81D0CC2A17E922710082025D /* Resources */,
			);
			buildRules = (
			);
			dependencies = (
				81D0CC3217E922710082025D /* PBXTargetDependency */,
			);
			name = tipcalculatorTests;
			productName = tipcalculatorTests;
			productReference = 81D0CC2C17E922710082025D /* tipcalculatorTests.xctest */;
			productType = "com.apple.product-type.bundle.unit-test";
		};
/* End PBXNativeTarget section */

/* Begin PBXProject section */
		81D0CC0917E922710082025D /* Project object */ = {
			isa = PBXProject;
			attributes = {
				LastUpgradeCheck = 0500;
				ORGANIZATIONNAME = "Tony Wu";
				TargetAttributes = {
					81D0CC2B17E922710082025D = {
						TestTargetID = 81D0CC1017E922710082025D;
					};
				};
			};
			buildConfigurationList = 81D0CC0C17E922710082025D /* Build configuration list for PBXProject "tipcalculator" */;
			compatibilityVersion = "Xcode 3.2";
			developmentRegion = English;
			hasScannedForEncodings = 0;
			knownRegions = (
				en,
			);
			mainGroup = 81D0CC0817E922710082025D;
			productRefGroup = 81D0CC1217E922710082025D /* Products */;
			projectDirPath = "";
			projectRoot = "";
			targets = (
				81D0CC1017E922710082025D /* tipcalculator */,
				81D0CC2B17E922710082025D /* tipcalculatorTests */,
			);
		};
/* End PBXProject section */

/* Begin PBXResourcesBuildPhase section */
		81D0CC0F17E922710082025D /* Resources */ = {
			isa = PBXResourcesBuildPhase;
			buildActionMask = 2147483647;
			files = (
				81D0CC1F17E922710082025D /* InfoPlist.strings in Resources */,
				81D0CC2717E922710082025D /* Images.xcassets in Resources */,
			);
			runOnlyForDeploymentPostprocessing = 0;
		};
		81D0CC2A17E922710082025D /* Resources */ = {
			isa = PBXResourcesBuildPhase;
			buildActionMask = 2147483647;
			files = (
				81D0CC3817E922710082025D /* InfoPlist.strings in Resources */,
			);
			runOnlyForDeploymentPostprocessing = 0;
		};
/* End PBXResourcesBuildPhase section */

/* Begin PBXSourcesBuildPhase section */
		81D0CC0D17E922710082025D /* Sources */ = {
			isa = PBXSourcesBuildPhase;
			buildActionMask = 2147483647;
			files = (
				81D0CC2517E922710082025D /* AppDelegate.m in Sources */,
				81D0CC2117E922710082025D /* main.m in Sources */,
			);
			runOnlyForDeploymentPostprocessing = 0;
		};
		81D0CC2817E922710082025D /* Sources */ = {
			isa = PBXSourcesBuildPhase;
			buildActionMask = 2147483647;
			files = (
				81D0CC3A17E922710082025D /* tipcalculatorTests.m in Sources */,
			);
			runOnlyForDeploymentPostprocessing = 0;
		};
/* End PBXSourcesBuildPhase section */

/* Begin PBXTargetDependency section */
		81D0CC3217E922710082025D /* PBXTargetDependency */ = {
			isa = PBXTargetDependency;
			target = 81D0CC1017E922710082025D /* tipcalculator */;
			targetProxy = 81D0CC3117E922710082025D /* PBXContainerItemProxy */;
		};
/* End PBXTargetDependency section */

/* Begin PBXVariantGroup section */
		81D0CC1D17E922710082025D /* InfoPlist.strings */ = {
			isa = PBXVariantGroup;
			children = (
				81D0CC1E17E922710082025D /* en */,
			);
			name = InfoPlist.strings;
			sourceTree = "<group>";
		};
		81D0CC3617E922710082025D /* InfoPlist.strings */ = {
			isa = PBXVariantGroup;
			children = (
				81D0CC3717E922710082025D /* en */,
			);
			name = InfoPlist.strings;
			sourceTree = "<group>";
		};
/* End PBXVariantGroup section */

/* Begin XCBuildConfiguration section */
		81D0CC3B17E922710082025D /* Debug */ = {
			isa = XCBuildConfiguration;
			buildSettings = {
				ALWAYS_SEARCH_USER_PATHS = NO;
				ARCHS = "$(ARCHS_STANDARD_INCLUDING_64_BIT)";
				CLANG_CXX_LANGUAGE_STANDARD = "gnu++0x";
				CLANG_CXX_LIBRARY = "libc++";
				CLANG_ENABLE_MODULES = YES;
				CLANG_ENABLE_OBJC_ARC = YES;
				CLANG_WARN_BOOL_CONVERSION = YES;
				CLANG_WARN_CONSTANT_CONVERSION = YES;
				CLANG_WARN_DIRECT_OBJC_ISA_USAGE = YES_ERROR;
				CLANG_WARN_EMPTY_BODY = YES;
				CLANG_WARN_ENUM_CONVERSION = YES;
				CLANG_WARN_INT_CONVERSION = YES;
				CLANG_WARN_OBJC_ROOT_CLASS = YES_ERROR;
				CLANG_WARN__DUPLICATE_METHOD_MATCH = YES;
				"CODE_SIGN_IDENTITY[sdk=iphoneos*]" = "iPhone Developer";
				COPY_PHASE_STRIP = NO;
				GCC_C_LANGUAGE_STANDARD = gnu99;
				GCC_DYNAMIC_NO_PIC = NO;
				GCC_OPTIMIZATION_LEVEL = 0;
				GCC_PREPROCESSOR_DEFINITIONS = (
					"DEBUG=1",
					"$(inherited)",
				);
				GCC_SYMBOLS_PRIVATE_EXTERN = NO;
				GCC_WARN_64_TO_32_BIT_CONVERSION = YES;
				GCC_WARN_ABOUT_RETURN_TYPE = YES_ERROR;
				GCC_WARN_UNDECLARED_SELECTOR = YES;
				GCC_WARN_UNINITIALIZED_AUTOS = YES;
				GCC_WARN_UNUSED_FUNCTION = YES;
				GCC_WARN_UNUSED_VARIABLE = YES;
				IPHONEOS_DEPLOYMENT_TARGET = 7.0;
				ONLY_ACTIVE_ARCH = YES;
				SDKROOT = iphoneos;
			};
			name = Debug;
		};
		81D0CC3C17E922710082025D /* Release */ = {
			isa = XCBuildConfiguration;
			buildSettings = {
				ALWAYS_SEARCH_USER_PATHS = NO;
				ARCHS = "$(ARCHS_STANDARD_INCLUDING_64_BIT)";
				CLANG_CXX_LANGUAGE_STANDARD = "gnu++0x";
				CLANG_CXX_LIBRARY = "libc++";
				CLANG_ENABLE_MODULES = YES;
				CLANG_ENABLE_OBJC_ARC = YES;
				CLANG_WARN_BOOL_CONVERSION = YES;
				CLANG_WARN_CONSTANT_CONVERSION = YES;
				CLANG_WARN_DIRECT_OBJC_ISA_USAGE = YES_ERROR;
				CLANG_WARN_EMPTY_BODY = YES;
				CLANG_WARN_ENUM_CONVERSION = YES;
				CLANG_WARN_INT_CONVERSION = YES;
				CLANG_WARN_OBJC_ROOT_CLASS = YES_ERROR;
				CLANG_WARN__DUPLICATE_METHOD_MATCH = YES;
				"CODE_SIGN_IDENTITY[sdk=iphoneos*]" = "iPhone Developer";
				COPY_PHASE_STRIP = YES;
				ENABLE_NS_ASSERTIONS = NO;
				GCC_C_LANGUAGE_STANDARD = gnu99;
				GCC_WARN_64_TO_32_BIT_CONVERSION = YES;
				GCC_WARN_ABOUT_RETURN_TYPE = YES_ERROR;
				GCC_WARN_UNDECLARED_SELECTOR = YES;
				GCC_WARN_UNINITIALIZED_AUTOS = YES;
				GCC_WARN_UNUSED_FUNCTION = YES;
				GCC_WARN_UNUSED_VARIABLE = YES;
				IPHONEOS_DEPLOYMENT_TARGET = 7.0;
				SDKROOT = iphoneos;
				VALIDATE_PRODUCT = YES;
			};
			name = Release;
		};
		81D0CC3E17E922710082025D /* Debug */ = {
			isa = XCBuildConfiguration;
			buildSettings = {
				ASSETCATALOG_COMPILER_APPICON_NAME = AppIcon;
				ASSETCATALOG_COMPILER_LAUNCHIMAGE_NAME = LaunchImage;
				GCC_PRECOMPILE_PREFIX_HEADER = YES;
				GCC_PREFIX_HEADER = "tipcalculator/tipcalculator-Prefix.pch";
				INFOPLIST_FILE = "tipcalculator/tipcalculator-Info.plist";
				PRODUCT_NAME = "$(TARGET_NAME)";
				WRAPPER_EXTENSION = app;
			};
			name = Debug;
		};
		81D0CC3F17E922710082025D /* Release */ = {
			isa = XCBuildConfiguration;
			buildSettings = {
				ASSETCATALOG_COMPILER_APPICON_NAME = AppIcon;
				ASSETCATALOG_COMPILER_LAUNCHIMAGE_NAME = LaunchImage;
				GCC_PRECOMPILE_PREFIX_HEADER = YES;
				GCC_PREFIX_HEADER = "tipcalculator/tipcalculator-Prefix.pch";
				INFOPLIST_FILE = "tipcalculator/tipcalculator-Info.plist";
				PRODUCT_NAME = "$(TARGET_NAME)";
				WRAPPER_EXTENSION = app;
			};
			name = Release;
		};
		81D0CC4117E922710082025D /* Debug */ = {
			isa = XCBuildConfiguration;
			buildSettings = {
				ARCHS = "$(ARCHS_STANDARD_INCLUDING_64_BIT)";
				BUNDLE_LOADER = "$(BUILT_PRODUCTS_DIR)/tipcalculator.app/tipcalculator";
				FRAMEWORK_SEARCH_PATHS = (
					"$(SDKROOT)/Developer/Library/Frameworks",
					"$(inherited)",
					"$(DEVELOPER_FRAMEWORKS_DIR)",
				);
				GCC_PRECOMPILE_PREFIX_HEADER = YES;
				GCC_PREFIX_HEADER = "tipcalculator/tipcalculator-Prefix.pch";
				GCC_PREPROCESSOR_DEFINITIONS = (
					"DEBUG=1",
					"$(inherited)",
				);
				INFOPLIST_FILE = "tipcalculatorTests/tipcalculatorTests-Info.plist";
				PRODUCT_NAME = "$(TARGET_NAME)";
				TEST_HOST = "$(BUNDLE_LOADER)";
				WRAPPER_EXTENSION = xctest;
			};
			name = Debug;
		};
		81D0CC4217E922710082025D /* Release */ = {
			isa = XCBuildConfiguration;
			buildSettings = {
				ARCHS = "$(ARCHS_STANDARD_INCLUDING_64_BIT)";
				BUNDLE_LOADER = "$(BUILT_PRODUCTS_DIR)/tipcalculator.app/tipcalculator";
				FRAMEWORK_SEARCH_PATHS = (
					"$(SDKROOT)/Developer/Library/Frameworks",
					"$(inherited)",
					"$(DEVELOPER_FRAMEWORKS_DIR)",
				);
				GCC_PRECOMPILE_PREFIX_HEADER = YES;
				GCC_PREFIX_HEADER = "tipcalculator/tipcalculator-Prefix.pch";
				INFOPLIST_FILE = "tipcalculatorTests/tipcalculatorTests-Info.plist";
				PRODUCT_NAME = "$(TARGET_NAME)";
				TEST_HOST = "$(BUNDLE_LOADER)";
				WRAPPER_EXTENSION = xctest;
			};
			name = Release;
		};
/* End XCBuildConfiguration section */

/* Begin XCConfigurationList section */
		81D0CC0C17E922710082025D /* Build configuration list for PBXProject "tipcalculator" */ = {
			isa = XCConfigurationList;
			buildConfigurations = (
				81D0CC3B17E922710082025D /* Debug */,
				81D0CC3C17E922710082025D /* Release */,
			);
			defaultConfigurationIsVisible = 0;
			defaultConfigurationName = Release;
		};
		81D0CC3D17E922710082025D /* Build configuration list for PBXNativeTarget "tipcalculator" */ = {
			isa = XCConfigurationList;
			buildConfigurations = (
				81D0CC3E17E922710082025D /* Debug */,
				81D0CC3F17E922710082025D /* Release */,
			);
			defaultConfigurationIsVisible = 0;
		};
		81D0CC4017E922710082025D /* Build configuration list for PBXNativeTarget "tipcalculatorTests" */ = {
			isa = XCConfigurationList;
			buildConfigurations = (
				81D0CC4117E922710082025D /* Debug */,
				81D0CC4217E922710082025D /* Release */,
			);
			defaultConfigurationIsVisible = 0;
		};
/* End XCConfigurationList section */
	};
	rootObject = 81D0CC0917E922710082025D /* Project object */;
}
